
Microsoft Visual Studio Solution File, Format Version 12.00
# Visual Studio Version 17
VisualStudioVersion = 17.3.32819.101
MinimumVisualStudioVersion = 10.0.40219.1
Project("{FAE04EC0-301F-11D3-BF4B-00C04F79EFBC}") = "Demo.DI", "Demo.DI\Demo.DI.csproj", "{CAF4E3A7-7913-4E33-92AB-0382545432A2}"
EndProject
Project("{FAE04EC0-301F-11D3-BF4B-00C04F79EFBC}") = "Demo.DI.DAL.EFCore", "Demo.DI.DAL\Demo.DI.DAL.EFCore.csproj", "{11392CC0-C88D-4F61-808A-1DD24E30DA0A}"
EndProject
Global
	GlobalSection(SolutionConfigurationPlatforms) = preSolution
		Debug|Any CPU = Debug|Any CPU
		Release|Any CPU = Release|Any CPU
	EndGlobalSection
	GlobalSection(ProjectConfigurationPlatforms) = postSolution
		{CAF4E3A7-7913-4E33-92AB-0382545432A2}.Debug|Any CPU.ActiveCfg = Debug|Any CPU
		{CAF4E3A7-7913-4E33-92AB-0382545432A2}.Debug|Any CPU.Build.0 = Debug|Any CPU
		{CAF4E3A7-7913-4E33-92AB-0382545432A2}.Release|Any CPU.ActiveCfg = Release|Any CPU
		{CAF4E3A7-7913-4E33-92AB-0382545432A2}.Release|Any CPU.Build.0 = Release|Any CPU
		{11392CC0-C88D-4F61-808A-1DD24E30DA0A}.Debug|Any CPU.ActiveCfg = Debug|Any CPU
		{11392CC0-C88D-4F61-808A-1DD24E30DA0A}.Debug|Any CPU.Build.0 = Debug|Any CPU
		{11392CC0-C88D-4F61-808A-1DD24E30DA0A}.Release|Any CPU.ActiveCfg = Release|Any CPU
		{11392CC0-C88D-4F61-808A-1DD24E30DA0A}.Release|Any CPU.Build.0 = Release|Any CPU
	EndGlobalSection
	GlobalSection(SolutionProperties) = preSolution
		HideSolutionNode = FALSE
	EndGlobalSection
	GlobalSection(ExtensibilityGlobals) = postSolution
		SolutionGuid = {7FA0DB99-68D5-41CC-B073-BC76E860418A}
	EndGlobalSection
EndGlobal
